
Microsoft Visual Studio Solution File, Format Version 12.00
# Visual Studio Version 17
VisualStudioVersion = 17.6.33723.286
MinimumVisualStudioVersion = 10.0.40219.1
Project("{FAE04EC0-301F-11D3-BF4B-00C04F79EFBC}") = "LevConv", "LevConv.csproj", "{8B29ED79-B896-459F-9776-2C27B27D323B}"
EndProject
Global
	GlobalSection(SolutionConfigurationPlatforms) = preSolution
		Debug|Any CPU = Debug|Any CPU
		Release|Any CPU = Release|Any CPU
	EndGlobalSection
	GlobalSection(ProjectConfigurationPlatforms) = postSolution
		{8B29ED79-B896-459F-9776-2C27B27D323B}.Debug|Any CPU.ActiveCfg = Debug|Any CPU
		{8B29ED79-B896-459F-9776-2C27B27D323B}.Debug|Any CPU.Build.0 = Debug|Any CPU
		{8B29ED79-B896-459F-9776-2C27B27D323B}.Release|Any CPU.ActiveCfg = Release|Any CPU
		{8B29ED79-B896-459F-9776-2C27B27D323B}.Release|Any CPU.Build.0 = Release|Any CPU
	EndGlobalSection
	GlobalSection(SolutionProperties) = preSolution
		HideSolutionNode = FALSE
	EndGlobalSection
	GlobalSection(ExtensibilityGlobals) = postSolution
		SolutionGuid = {79190B0F-1B0B-4A62-89F1-1CBBF4B58634}
	EndGlobalSection
EndGlobal
